
Microsoft Visual Studio Solution File, Format Version 12.00
# Visual Studio Version 16
VisualStudioVersion = 16.0.29503.13
MinimumVisualStudioVersion = 10.0.40219.1
Project("{FAE04EC0-301F-11D3-BF4B-00C04F79EFBC}") = "Nine-ninemultiplicationtable", "Nine-ninemultiplicationtable.csproj", "{9A0CE21C-3784-4EF7-BC55-42B69E662EAD}"
EndProject
Global
	GlobalSection(SolutionConfigurationPlatforms) = preSolution
		Debug|Any CPU = Debug|Any CPU
		Release|Any CPU = Release|Any CPU
	EndGlobalSection
	GlobalSection(ProjectConfigurationPlatforms) = postSolution
		{9A0CE21C-3784-4EF7-BC55-42B69E662EAD}.Debug|Any CPU.ActiveCfg = Debug|Any CPU
		{9A0CE21C-3784-4EF7-BC55-42B69E662EAD}.Debug|Any CPU.Build.0 = Debug|Any CPU
		{9A0CE21C-3784-4EF7-BC55-42B69E662EAD}.Release|Any CPU.ActiveCfg = Release|Any CPU
		{9A0CE21C-3784-4EF7-BC55-42B69E662EAD}.Release|Any CPU.Build.0 = Release|Any CPU
	EndGlobalSection
	GlobalSection(SolutionProperties) = preSolution
		HideSolutionNode = FALSE
	EndGlobalSection
	GlobalSection(ExtensibilityGlobals) = postSolution
		SolutionGuid = {EBE626E9-CB58-4173-96A3-68FBBCCC21B8}
	EndGlobalSection
EndGlobal
